
Microsoft Visual Studio Solution File, Format Version 12.00
# Visual Studio Version 17
VisualStudioVersion = 17.6.33723.286
MinimumVisualStudioVersion = 10.0.40219.1
Project("{FAE04EC0-301F-11D3-BF4B-00C04F79EFBC}") = "TreeBase", "TreeBase\TreeBase.csproj", "{BA480E66-5F93-496E-BB9C-C69636CAA6A5}"
EndProject
Project("{FAE04EC0-301F-11D3-BF4B-00C04F79EFBC}") = "Trees.Console", "Trees.Console\Trees.Console.csproj", "{CE8CA07D-F4DC-4F56-A94F-CC4962CE147B}"
EndProject
Global
	GlobalSection(SolutionConfigurationPlatforms) = preSolution
		Debug|Any CPU = Debug|Any CPU
		Release|Any CPU = Release|Any CPU
	EndGlobalSection
	GlobalSection(ProjectConfigurationPlatforms) = postSolution
		{BA480E66-5F93-496E-BB9C-C69636CAA6A5}.Debug|Any CPU.ActiveCfg = Debug|Any CPU
		{BA480E66-5F93-496E-BB9C-C69636CAA6A5}.Debug|Any CPU.Build.0 = Debug|Any CPU
		{BA480E66-5F93-496E-BB9C-C69636CAA6A5}.Release|Any CPU.ActiveCfg = Release|Any CPU
		{BA480E66-5F93-496E-BB9C-C69636CAA6A5}.Release|Any CPU.Build.0 = Release|Any CPU
		{CE8CA07D-F4DC-4F56-A94F-CC4962CE147B}.Debug|Any CPU.ActiveCfg = Debug|Any CPU
		{CE8CA07D-F4DC-4F56-A94F-CC4962CE147B}.Debug|Any CPU.Build.0 = Debug|Any CPU
		{CE8CA07D-F4DC-4F56-A94F-CC4962CE147B}.Release|Any CPU.ActiveCfg = Release|Any CPU
		{CE8CA07D-F4DC-4F56-A94F-CC4962CE147B}.Release|Any CPU.Build.0 = Release|Any CPU
	EndGlobalSection
	GlobalSection(SolutionProperties) = preSolution
		HideSolutionNode = FALSE
	EndGlobalSection
	GlobalSection(ExtensibilityGlobals) = postSolution
		SolutionGuid = {5D40C39A-A3DE-4194-B31B-86F6A2446C6C}
	EndGlobalSection
EndGlobal
